
Microsoft Visual Studio Solution File, Format Version 12.00
# Visual Studio 15
VisualStudioVersion = 15.0.28307.902
MinimumVisualStudioVersion = 10.0.40219.1
Project("{FAE04EC0-301F-11D3-BF4B-00C04F79EFBC}") = "AsynchronousAndMultiThreaded", "AsynchronousAndMultiThreaded\AsynchronousAndMultiThreaded.csproj", "{CC7B81FB-28F9-4D2C-9780-71CBB923BD91}"
EndProject
Project("{FAE04EC0-301F-11D3-BF4B-00C04F79EFBC}") = "WinFormThread", "WinFormThread\WinFormThread.csproj", "{2A130F1E-7D63-41A9-A7B5-D8BF7394CF78}"
EndProject
Global
	GlobalSection(SolutionConfigurationPlatforms) = preSolution
		Debug|Any CPU = Debug|Any CPU
		Release|Any CPU = Release|Any CPU
	EndGlobalSection
	GlobalSection(ProjectConfigurationPlatforms) = postSolution
		{CC7B81FB-28F9-4D2C-9780-71CBB923BD91}.Debug|Any CPU.ActiveCfg = Debug|Any CPU
		{CC7B81FB-28F9-4D2C-9780-71CBB923BD91}.Debug|Any CPU.Build.0 = Debug|Any CPU
		{CC7B81FB-28F9-4D2C-9780-71CBB923BD91}.Release|Any CPU.ActiveCfg = Release|Any CPU
		{CC7B81FB-28F9-4D2C-9780-71CBB923BD91}.Release|Any CPU.Build.0 = Release|Any CPU
		{2A130F1E-7D63-41A9-A7B5-D8BF7394CF78}.Debug|Any CPU.ActiveCfg = Debug|Any CPU
		{2A130F1E-7D63-41A9-A7B5-D8BF7394CF78}.Debug|Any CPU.Build.0 = Debug|Any CPU
		{2A130F1E-7D63-41A9-A7B5-D8BF7394CF78}.Release|Any CPU.ActiveCfg = Release|Any CPU
		{2A130F1E-7D63-41A9-A7B5-D8BF7394CF78}.Release|Any CPU.Build.0 = Release|Any CPU
	EndGlobalSection
	GlobalSection(SolutionProperties) = preSolution
		HideSolutionNode = FALSE
	EndGlobalSection
	GlobalSection(ExtensibilityGlobals) = postSolution
		SolutionGuid = {5FA3FF3E-F71F-437B-B441-AB6031422E1A}
	EndGlobalSection
EndGlobal
